Microsoft Visual Studio Solution File, Format Version 12.00
# Visual Studio Version 17
VisualStudioVersion = 17.5.2.0
MinimumVisualStudioVersion = 10.0.40219.1
Project("{2150E333-8FDC-42A3-9474-1A3956D46DE8}") = "src", "src", "{827E0CD3-B72D-47B6-A68D-7590B98EB39B}"
EndProject
Project("{FAE04EC0-301F-11D3-BF4B-00C04F79EFBC}") = "CIAM_Admin_Console", "src\CIAM_Admin_Console\CIAM_Admin_Console.csproj", "{64EF313F-3026-8BA5-E42D-08CE17A95CAE}"
EndProject
Global
	GlobalSection(SolutionConfigurationPlatforms) = preSolution
		Debug|Any CPU = Debug|Any CPU
		Release|Any CPU = Release|Any CPU
	EndGlobalSection
	GlobalSection(ProjectConfigurationPlatforms) = postSolution
		{64EF313F-3026-8BA5-E42D-08CE17A95CAE}.Debug|Any CPU.ActiveCfg = Debug|Any CPU
		{64EF313F-3026-8BA5-E42D-08CE17A95CAE}.Debug|Any CPU.Build.0 = Debug|Any CPU
		{64EF313F-3026-8BA5-E42D-08CE17A95CAE}.Release|Any CPU.ActiveCfg = Release|Any CPU
		{64EF313F-3026-8BA5-E42D-08CE17A95CAE}.Release|Any CPU.Build.0 = Release|Any CPU
	EndGlobalSection
	GlobalSection(SolutionProperties) = preSolution
		HideSolutionNode = FALSE
	EndGlobalSection
	GlobalSection(NestedProjects) = preSolution
		{64EF313F-3026-8BA5-E42D-08CE17A95CAE} = {827E0CD3-B72D-47B6-A68D-7590B98EB39B}
	EndGlobalSection
	GlobalSection(ExtensibilityGlobals) = postSolution
		SolutionGuid = {2298457F-F8EE-4C26-9DEE-203B6431B92E}
	EndGlobalSection
EndGlobal
